
Microsoft Visual Studio Solution File, Format Version 12.00
# Visual Studio 15
VisualStudioVersion = 15.0.28307.168
MinimumVisualStudioVersion = 10.0.40219.1
Project("{FAE04EC0-301F-11D3-BF4B-00C04F79EFBC}") = "SimulationInterface", "SimulationInterface\SimulationInterface.csproj", "{FCD092BC-1266-4636-94F7-98141872E3BC}"
EndProject
Project("{2150E333-8FDC-42A3-9474-1A3956D46DE8}") = "Solution Items", "Solution Items", "{3692C32C-232A-43D9-B9DC-A2469EF883B3}"
	ProjectSection(SolutionItems) = preProject
		SimulationInterface\MemoireVirtuelle.xaml = SimulationInterface\MemoireVirtuelle.xaml
		SimulationInterface\images\x.png = SimulationInterface\images\x.png
		SimulationInterface\images\y.gif = SimulationInterface\images\y.gif
		SimulationInterface\y.png = SimulationInterface\y.png
		SimulationInterface\images\z.jpg = SimulationInterface\images\z.jpg
	EndProjectSection
EndProject
Global
	GlobalSection(SolutionConfigurationPlatforms) = preSolution
		Debug|Any CPU = Debug|Any CPU
		Release|Any CPU = Release|Any CPU
	EndGlobalSection
	GlobalSection(ProjectConfigurationPlatforms) = postSolution
		{FCD092BC-1266-4636-94F7-98141872E3BC}.Debug|Any CPU.ActiveCfg = Debug|Any CPU
		{FCD092BC-1266-4636-94F7-98141872E3BC}.Debug|Any CPU.Build.0 = Debug|Any CPU
		{FCD092BC-1266-4636-94F7-98141872E3BC}.Release|Any CPU.ActiveCfg = Release|Any CPU
		{FCD092BC-1266-4636-94F7-98141872E3BC}.Release|Any CPU.Build.0 = Release|Any CPU
	EndGlobalSection
	GlobalSection(SolutionProperties) = preSolution
		HideSolutionNode = FALSE
	EndGlobalSection
	GlobalSection(ExtensibilityGlobals) = postSolution
		SolutionGuid = {2100EA74-5F09-4404-AEFE-A71854B644DE}
	EndGlobalSection
EndGlobal
